
Microsoft Visual Studio Solution File, Format Version 12.00
# Visual Studio Version 16
VisualStudioVersion = 16.0.29519.87
MinimumVisualStudioVersion = 10.0.40219.1
Project("{FAE04EC0-301F-11D3-BF4B-00C04F79EFBC}") = "RegistrationWebForm", "RegistrationWebForm\RegistrationWebForm.csproj", "{5A6D9AA5-2745-4FF8-B41B-5428CDDB1637}"
EndProject
Global
	GlobalSection(SolutionConfigurationPlatforms) = preSolution
		Debug|Any CPU = Debug|Any CPU
		Release|Any CPU = Release|Any CPU
	EndGlobalSection
	GlobalSection(ProjectConfigurationPlatforms) = postSolution
		{5A6D9AA5-2745-4FF8-B41B-5428CDDB1637}.Debug|Any CPU.ActiveCfg = Debug|Any CPU
		{5A6D9AA5-2745-4FF8-B41B-5428CDDB1637}.Debug|Any CPU.Build.0 = Debug|Any CPU
		{5A6D9AA5-2745-4FF8-B41B-5428CDDB1637}.Release|Any CPU.ActiveCfg = Release|Any CPU
		{5A6D9AA5-2745-4FF8-B41B-5428CDDB1637}.Release|Any CPU.Build.0 = Release|Any CPU
	EndGlobalSection
	GlobalSection(SolutionProperties) = preSolution
		HideSolutionNode = FALSE
	EndGlobalSection
	GlobalSection(ExtensibilityGlobals) = postSolution
		SolutionGuid = {F04990F1-FDF0-42C6-B77A-5313399D3162}
	EndGlobalSection
EndGlobal
